
Microsoft Visual Studio Solution File, Format Version 12.00
Project("{FAE04EC0-301F-11D3-BF4B-00C04F79EFBC}") = "Day1", "Day1\Day1.csproj", "{CFE2688B-BB7F-48D4-8B9D-DBFB0632A443}"
EndProject
Project("{2150E333-8FDC-42A3-9474-1A3956D46DE8}") = "Utils", "Utils", "{ACA4D1D5-47CF-4155-8B61-06EC025AC077}"
EndProject
Project("{FAE04EC0-301F-11D3-BF4B-00C04F79EFBC}") = "Day2", "Day2\Day2.csproj", "{409C23AB-C8CD-4FDB-84CC-F8AC5DB91940}"
EndProject
Project("{FAE04EC0-301F-11D3-BF4B-00C04F79EFBC}") = "Helpers", "Helpers\Helpers.csproj", "{CF69A11D-E24A-4129-BCFC-232EDD10EA35}"
EndProject
Project("{FAE04EC0-301F-11D3-BF4B-00C04F79EFBC}") = "Day3", "Day3\Day3.csproj", "{9B408F1C-B38A-4372-BE89-813274045CD1}"
EndProject
Project("{FAE04EC0-301F-11D3-BF4B-00C04F79EFBC}") = "Day4", "Day4\Day4.csproj", "{B3AFF4D4-E3B0-44CC-83C2-70037E7716ED}"
EndProject
Project("{FAE04EC0-301F-11D3-BF4B-00C04F79EFBC}") = "Day5", "Day5\Day5.csproj", "{744625C6-5DC2-470A-BC10-16A7E657E4DA}"
EndProject
Project("{FAE04EC0-301F-11D3-BF4B-00C04F79EFBC}") = "Day6", "Day6\Day6.csproj", "{340DFB0C-4206-4041-AE4C-E4E5BF20EB56}"
EndProject
Project("{FAE04EC0-301F-11D3-BF4B-00C04F79EFBC}") = "Day7", "Day7\Day7.csproj", "{5643B081-A3F8-4CBD-B17C-31A22162CE82}"
EndProject
Project("{FAE04EC0-301F-11D3-BF4B-00C04F79EFBC}") = "Day8", "Day8\Day8.csproj", "{EE0B2FFD-9F4F-429E-A33C-3DFF6C9D3F9F}"
EndProject
Project("{FAE04EC0-301F-11D3-BF4B-00C04F79EFBC}") = "Day9", "Day9\Day9.csproj", "{49E656B9-9BFE-443A-BBA9-B445BFD107B1}"
EndProject
Global
	GlobalSection(SolutionConfigurationPlatforms) = preSolution
		Debug|Any CPU = Debug|Any CPU
		Release|Any CPU = Release|Any CPU
	EndGlobalSection
	GlobalSection(ProjectConfigurationPlatforms) = postSolution
		{CFE2688B-BB7F-48D4-8B9D-DBFB0632A443}.Debug|Any CPU.ActiveCfg = Debug|Any CPU
		{CFE2688B-BB7F-48D4-8B9D-DBFB0632A443}.Debug|Any CPU.Build.0 = Debug|Any CPU
		{CFE2688B-BB7F-48D4-8B9D-DBFB0632A443}.Release|Any CPU.ActiveCfg = Release|Any CPU
		{CFE2688B-BB7F-48D4-8B9D-DBFB0632A443}.Release|Any CPU.Build.0 = Release|Any CPU
		{409C23AB-C8CD-4FDB-84CC-F8AC5DB91940}.Debug|Any CPU.ActiveCfg = Debug|Any CPU
		{409C23AB-C8CD-4FDB-84CC-F8AC5DB91940}.Debug|Any CPU.Build.0 = Debug|Any CPU
		{409C23AB-C8CD-4FDB-84CC-F8AC5DB91940}.Release|Any CPU.ActiveCfg = Release|Any CPU
		{409C23AB-C8CD-4FDB-84CC-F8AC5DB91940}.Release|Any CPU.Build.0 = Release|Any CPU
		{CF69A11D-E24A-4129-BCFC-232EDD10EA35}.Debug|Any CPU.ActiveCfg = Debug|Any CPU
		{CF69A11D-E24A-4129-BCFC-232EDD10EA35}.Debug|Any CPU.Build.0 = Debug|Any CPU
		{CF69A11D-E24A-4129-BCFC-232EDD10EA35}.Release|Any CPU.ActiveCfg = Release|Any CPU
		{CF69A11D-E24A-4129-BCFC-232EDD10EA35}.Release|Any CPU.Build.0 = Release|Any CPU
		{9B408F1C-B38A-4372-BE89-813274045CD1}.Debug|Any CPU.ActiveCfg = Debug|Any CPU
		{9B408F1C-B38A-4372-BE89-813274045CD1}.Debug|Any CPU.Build.0 = Debug|Any CPU
		{9B408F1C-B38A-4372-BE89-813274045CD1}.Release|Any CPU.ActiveCfg = Release|Any CPU
		{9B408F1C-B38A-4372-BE89-813274045CD1}.Release|Any CPU.Build.0 = Release|Any CPU
		{B3AFF4D4-E3B0-44CC-83C2-70037E7716ED}.Debug|Any CPU.ActiveCfg = Debug|Any CPU
		{B3AFF4D4-E3B0-44CC-83C2-70037E7716ED}.Debug|Any CPU.Build.0 = Debug|Any CPU
		{B3AFF4D4-E3B0-44CC-83C2-70037E7716ED}.Release|Any CPU.ActiveCfg = Release|Any CPU
		{B3AFF4D4-E3B0-44CC-83C2-70037E7716ED}.Release|Any CPU.Build.0 = Release|Any CPU
		{744625C6-5DC2-470A-BC10-16A7E657E4DA}.Debug|Any CPU.ActiveCfg = Debug|Any CPU
		{744625C6-5DC2-470A-BC10-16A7E657E4DA}.Debug|Any CPU.Build.0 = Debug|Any CPU
		{744625C6-5DC2-470A-BC10-16A7E657E4DA}.Release|Any CPU.ActiveCfg = Release|Any CPU
		{744625C6-5DC2-470A-BC10-16A7E657E4DA}.Release|Any CPU.Build.0 = Release|Any CPU
		{340DFB0C-4206-4041-AE4C-E4E5BF20EB56}.Debug|Any CPU.ActiveCfg = Debug|Any CPU
		{340DFB0C-4206-4041-AE4C-E4E5BF20EB56}.Debug|Any CPU.Build.0 = Debug|Any CPU
		{340DFB0C-4206-4041-AE4C-E4E5BF20EB56}.Release|Any CPU.ActiveCfg = Release|Any CPU
		{340DFB0C-4206-4041-AE4C-E4E5BF20EB56}.Release|Any CPU.Build.0 = Release|Any CPU
		{5643B081-A3F8-4CBD-B17C-31A22162CE82}.Debug|Any CPU.ActiveCfg = Debug|Any CPU
		{5643B081-A3F8-4CBD-B17C-31A22162CE82}.Debug|Any CPU.Build.0 = Debug|Any CPU
		{5643B081-A3F8-4CBD-B17C-31A22162CE82}.Release|Any CPU.ActiveCfg = Release|Any CPU
		{5643B081-A3F8-4CBD-B17C-31A22162CE82}.Release|Any CPU.Build.0 = Release|Any CPU
		{EE0B2FFD-9F4F-429E-A33C-3DFF6C9D3F9F}.Debug|Any CPU.ActiveCfg = Debug|Any CPU
		{EE0B2FFD-9F4F-429E-A33C-3DFF6C9D3F9F}.Debug|Any CPU.Build.0 = Debug|Any CPU
		{EE0B2FFD-9F4F-429E-A33C-3DFF6C9D3F9F}.Release|Any CPU.ActiveCfg = Release|Any CPU
		{EE0B2FFD-9F4F-429E-A33C-3DFF6C9D3F9F}.Release|Any CPU.Build.0 = Release|Any CPU
		{49E656B9-9BFE-443A-BBA9-B445BFD107B1}.Debug|Any CPU.ActiveCfg = Debug|Any CPU
		{49E656B9-9BFE-443A-BBA9-B445BFD107B1}.Debug|Any CPU.Build.0 = Debug|Any CPU
		{49E656B9-9BFE-443A-BBA9-B445BFD107B1}.Release|Any CPU.ActiveCfg = Release|Any CPU
		{49E656B9-9BFE-443A-BBA9-B445BFD107B1}.Release|Any CPU.Build.0 = Release|Any CPU
	EndGlobalSection
EndGlobal
